
Microsoft Visual Studio Solution File, Format Version 12.00
# Visual Studio Version 17
VisualStudioVersion = 17.7.34024.191
MinimumVisualStudioVersion = 10.0.40219.1
Project("{8BC9CEB8-8B4A-11D0-8D11-00A0C91BC942}") = "LB10.4", "LB10.4\LB10.4.vcxproj", "{64587C14-4F20-45C8-8C6A-81DED2C7ADBD}"
EndProject
Project("{8BC9CEB8-8B4A-11D0-8D11-00A0C91BC942}") = "UnitTest1", "UnitTest1\UnitTest1.vcxproj", "{1BDF3C53-75EA-404E-8DB2-D7CD264EA2B5}"
EndProject
Global
	GlobalSection(SolutionConfigurationPlatforms) = preSolution
		Debug|x64 = Debug|x64
		Debug|x86 = Debug|x86
		Release|x64 = Release|x64
		Release|x86 = Release|x86
	EndGlobalSection
	GlobalSection(ProjectConfigurationPlatforms) = postSolution
		{64587C14-4F20-45C8-8C6A-81DED2C7ADBD}.Debug|x64.ActiveCfg = Debug|x64
		{64587C14-4F20-45C8-8C6A-81DED2C7ADBD}.Debug|x64.Build.0 = Debug|x64
		{64587C14-4F20-45C8-8C6A-81DED2C7ADBD}.Debug|x86.ActiveCfg = Debug|Win32
		{64587C14-4F20-45C8-8C6A-81DED2C7ADBD}.Debug|x86.Build.0 = Debug|Win32
		{64587C14-4F20-45C8-8C6A-81DED2C7ADBD}.Release|x64.ActiveCfg = Release|x64
		{64587C14-4F20-45C8-8C6A-81DED2C7ADBD}.Release|x64.Build.0 = Release|x64
		{64587C14-4F20-45C8-8C6A-81DED2C7ADBD}.Release|x86.ActiveCfg = Release|Win32
		{64587C14-4F20-45C8-8C6A-81DED2C7ADBD}.Release|x86.Build.0 = Release|Win32
		{1BDF3C53-75EA-404E-8DB2-D7CD264EA2B5}.Debug|x64.ActiveCfg = Debug|x64
		{1BDF3C53-75EA-404E-8DB2-D7CD264EA2B5}.Debug|x64.Build.0 = Debug|x64
		{1BDF3C53-75EA-404E-8DB2-D7CD264EA2B5}.Debug|x86.ActiveCfg = Debug|Win32
		{1BDF3C53-75EA-404E-8DB2-D7CD264EA2B5}.Debug|x86.Build.0 = Debug|Win32
		{1BDF3C53-75EA-404E-8DB2-D7CD264EA2B5}.Release|x64.ActiveCfg = Release|x64
		{1BDF3C53-75EA-404E-8DB2-D7CD264EA2B5}.Release|x64.Build.0 = Release|x64
		{1BDF3C53-75EA-404E-8DB2-D7CD264EA2B5}.Release|x86.ActiveCfg = Release|Win32
		{1BDF3C53-75EA-404E-8DB2-D7CD264EA2B5}.Release|x86.Build.0 = Release|Win32
	EndGlobalSection
	GlobalSection(SolutionProperties) = preSolution
		HideSolutionNode = FALSE
	EndGlobalSection
	GlobalSection(ExtensibilityGlobals) = postSolution
		SolutionGuid = {FDE2DA13-CE0F-4348-9616-0FE2C6D3F925}
	EndGlobalSection
EndGlobal
